// !$*UTF8*$!
{
	archiveVersion = 1;
	classes = {
	};
	objectVersion = 55;
	objects = {

/* Begin PBXBuildFile section */
		76861FC227203A730097C969 /* AppDelegate.m in Sources */ = {isa = PBXBuildFile; fileRef = 76861FC127203A730097C969 /* AppDelegate.m */; };
		76861FC527203A730097C969 /* SceneDelegate.m in Sources */ = {isa = PBXBuildFile; fileRef = 76861FC427203A730097C969 /* SceneDelegate.m */; };
		76861FC827203A730097C969 /* ViewController.m in Sources */ = {isa = PBXBuildFile; fileRef = 76861FC727203A730097C969 /* ViewController.m */; };
		76861FCB27203A730097C969 /* Main.storyboard in Resources */ = {isa = PBXBuildFile; fileRef = 76861FC927203A730097C969 /* Main.storyboard */; };
		76861FCD27203A780097C969 /* Assets.xcassets in Resources */ = {isa = PBXBuildFile; fileRef = 76861FCC27203A780097C969 /* Assets.xcassets */; };
		76861FD027203A780097C969 /* LaunchScreen.storyboard in Resources */ = {isa = PBXBuildFile; fileRef = 76861FCE27203A780097C969 /* LaunchScreen.storyboard */; };
		76861FD327203A780097C969 /* main.m in Sources */ = {isa = PBXBuildFile; fileRef = 76861FD227203A780097C969 /* main.m */; };
		76861FDD27203A780097C969 /* UUIDDemoTests.m in Sources */ = {isa = PBXBuildFile; fileRef = 76861FDC27203A780097C969 /* UUIDDemoTests.m */; };
		76861FE727203A780097C969 /* UUIDDemoUITests.m in Sources */ = {isa = PBXBuildFile; fileRef = 76861FE627203A780097C969 /* UUIDDemoUITests.m */; };
		76861FE927203A780097C969 /* UUIDDemoUITestsLaunchTests.m in Sources */ = {isa = PBXBuildFile; fileRef = 76861FE827203A780097C969 /* UUIDDemoUITestsLaunchTests.m */; };
		76861FFA27203AA30097C969 /* YDKeyChain.m in Sources */ = {isa = PBXBuildFile; fileRef = 76861FF627203AA30097C969 /* YDKeyChain.m */; };
		76861FFB27203AA30097C969 /* YDDevice.m in Sources */ = {isa = PBXBuildFile; fileRef = 76861FF727203AA30097C969 /* YDDevice.m */; };
		768E7DFA2721AF7A00288EB8 /* DeviceCheck.framework in Frameworks */ = {isa = PBXBuildFile; fileRef = 768E7DF92721AF7A00288EB8 /* DeviceCheck.framework */; };
/* End PBXBuildFile section */

/* Begin PBXContainerItemProxy section */
		76861FD927203A780097C969 /* PBXContainerItemProxy */ = {
			isa = PBXContainerItemProxy;
			containerPortal = 76861FB527203A730097C969 /* Project object */;
			proxyType = 1;
			remoteGlobalIDString = 76861FBC27203A730097C969;
			remoteInfo = UUIDDemo;
		};
		76861FE327203A780097C969 /* PBXContainerItemProxy */ = {
			isa = PBXContainerItemProxy;
			containerPortal = 76861FB527203A730097C969 /* Project object */;
			proxyType = 1;
			remoteGlobalIDString = 76861FBC27203A730097C969;
			remoteInfo = UUIDDemo;
		};
/* End PBXContainerItemProxy section */

/* Begin PBXFileReference section */
		76861FBD27203A730097C969 /* UUIDDemo.app */ = {isa = PBXFileReference; explicitFileType = wrapper.application; includeInIndex = 0; path = UUIDDemo.app; sourceTree = BUILT_PRODUCTS_DIR; };
		76861FC027203A730097C969 /* AppDelegate.h */ = {isa = PBXFileReference; lastKnownFileType = sourcecode.c.h; path = AppDelegate.h; sourceTree = "<group>"; };
		76861FC127203A730097C969 /* AppDelegate.m */ = {isa = PBXFileReference; lastKnownFileType = sourcecode.c.objc; path = AppDelegate.m; sourceTree = "<group>"; };
		76861FC327203A730097C969 /* SceneDelegate.h */ = {isa = PBXFileReference; lastKnownFileType = sourcecode.c.h; path = SceneDelegate.h; sourceTree = "<group>"; };
		76861FC427203A730097C969 /* SceneDelegate.m */ = {isa = PBXFileReference; lastKnownFileType = sourcecode.c.objc; path = SceneDelegate.m; sourceTree = "<group>"; };
		76861FC627203A730097C969 /* ViewController.h */ = {isa = PBXFileReference; lastKnownFileType = sourcecode.c.h; path = ViewController.h; sourceTree = "<group>"; };
		76861FC727203A730097C969 /* ViewController.m */ = {isa = PBXFileReference; lastKnownFileType = sourcecode.c.objc; path = ViewController.m; sourceTree = "<group>"; };
		76861FCA27203A730097C969 /* Base */ = {isa = PBXFileReference; lastKnownFileType = file.storyboard; name = Base; path = Base.lproj/Main.storyboard; sourceTree = "<group>"; };
		76861FCC27203A780097C969 /* Assets.xcassets */ = {isa = PBXFileReference; lastKnownFileType = folder.assetcatalog; path = Assets.xcassets; sourceTree = "<group>"; };
		76861FCF27203A780097C969 /* Base */ = {isa = PBXFileReference; lastKnownFileType = file.storyboard; name = Base; path = Base.lproj/LaunchScreen.storyboard; sourceTree = "<group>"; };
		76861FD127203A780097C969 /* Info.plist */ = {isa = PBXFileReference; lastKnownFileType = text.plist.xml; path = Info.plist; sourceTree = "<group>"; };
		76861FD227203A780097C969 /* main.m */ = {isa = PBXFileReference; lastKnownFileType = sourcecode.c.objc; path = main.m; sourceTree = "<group>"; };
		76861FD827203A780097C969 /* UUIDDemoTests.xctest */ = {isa = PBXFileReference; explicitFileType = wrapper.cfbundle; includeInIndex = 0; path = UUIDDemoTests.xctest; sourceTree = BUILT_PRODUCTS_DIR; };
		76861FDC27203A780097C969 /* UUIDDemoTests.m */ = {isa = PBXFileReference; lastKnownFileType = sourcecode.c.objc; path = UUIDDemoTests.m; sourceTree = "<group>"; };
		76861FE227203A780097C969 /* UUIDDemoUITests.xctest */ = {isa = PBXFileReference; explicitFileType = wrapper.cfbundle; includeInIndex = 0; path = UUIDDemoUITests.xctest; sourceTree = BUILT_PRODUCTS_DIR; };
		76861FE627203A780097C969 /* UUIDDemoUITests.m */ = {isa = PBXFileReference; lastKnownFileType = sourcecode.c.objc; path = UUIDDemoUITests.m; sourceTree = "<group>"; };
		76861FE827203A780097C969 /* UUIDDemoUITestsLaunchTests.m */ = {isa = PBXFileReference; lastKnownFileType = sourcecode.c.objc; path = UUIDDemoUITestsLaunchTests.m; sourceTree = "<group>"; };
		76861FF627203AA30097C969 /* YDKeyChain.m */ = {isa = PBXFileReference; fileEncoding = 4; lastKnownFileType = sourcecode.c.objc; path = YDKeyChain.m; sourceTree = "<group>"; };
		76861FF727203AA30097C969 /* YDDevice.m */ = {isa = PBXFileReference; fileEncoding = 4; lastKnownFileType = sourcecode.c.objc; path = YDDevice.m; sourceTree = "<group>"; };
		76861FF827203AA30097C969 /* YDKeyChain.h */ = {isa = PBXFileReference; fileEncoding = 4; lastKnownFileType = sourcecode.c.h; path = YDKeyChain.h; sourceTree = "<group>"; };
		76861FF927203AA30097C969 /* YDDevice.h */ = {isa = PBXFileReference; fileEncoding = 4; lastKnownFileType = sourcecode.c.h; path = YDDevice.h; sourceTree = "<group>"; };
		768E7DF92721AF7A00288EB8 /* DeviceCheck.framework */ = {isa = PBXFileReference; lastKnownFileType = wrapper.framework; name = DeviceCheck.framework; path = System/Library/Frameworks/DeviceCheck.framework; sourceTree = SDKROOT; };
/* End PBXFileReference section */

/* Begin PBXFrameworksBuildPhase section */
		76861FBA27203A730097C969 /* Frameworks */ = {
			isa = PBXFrameworksBuildPhase;
			buildActionMask = 2147483647;
			files = (
				768E7DFA2721AF7A00288EB8 /* DeviceCheck.framework in Frameworks */,
			);
			runOnlyForDeploymentPostprocessing = 0;
		};
		76861FD527203A780097C969 /* Frameworks */ = {
			isa = PBXFrameworksBuildPhase;
			buildActionMask = 2147483647;
			files = (
			);
			runOnlyForDeploymentPostprocessing = 0;
		};
		76861FDF27203A780097C969 /* Frameworks */ = {
			isa = PBXFrameworksBuildPhase;
			buildActionMask = 2147483647;
			files = (
			);
			runOnlyForDeploymentPostprocessing = 0;
		};
/* End PBXFrameworksBuildPhase section */

/* Begin PBXGroup section */
		76861FB427203A730097C969 = {
			isa = PBXGroup;
			children = (
				76861FBF27203A730097C969 /* UUIDDemo */,
				76861FDB27203A780097C969 /* UUIDDemoTests */,
				76861FE527203A780097C969 /* UUIDDemoUITests */,
				76861FBE27203A730097C969 /* Products */,
				768E7DF82721AF7A00288EB8 /* Frameworks */,
			);
			sourceTree = "<group>";
		};
		76861FBE27203A730097C969 /* Products */ = {
			isa = PBXGroup;
			children = (
				76861FBD27203A730097C969 /* UUIDDemo.app */,
				76861FD827203A780097C969 /* UUIDDemoTests.xctest */,
				76861FE227203A780097C969 /* UUIDDemoUITests.xctest */,
			);
			name = Products;
			sourceTree = "<group>";
		};
		76861FBF27203A730097C969 /* UUIDDemo */ = {
			isa = PBXGroup;
			children = (
				76861FC027203A730097C969 /* AppDelegate.h */,
				76861FC127203A730097C969 /* AppDelegate.m */,
				76861FC327203A730097C969 /* SceneDelegate.h */,
				76861FC427203A730097C969 /* SceneDelegate.m */,
				76861FC627203A730097C969 /* ViewController.h */,
				76861FC727203A730097C969 /* ViewController.m */,
				76861FC927203A730097C969 /* Main.storyboard */,
				76861FCC27203A780097C969 /* Assets.xcassets */,
				76861FCE27203A780097C969 /* LaunchScreen.storyboard */,
				76861FD127203A780097C969 /* Info.plist */,
				76861FD227203A780097C969 /* main.m */,
				76861FF527203AA30097C969 /* UQID */,
			);
			path = UUIDDemo;
			sourceTree = "<group>";
		};
		76861FDB27203A780097C969 /* UUIDDemoTests */ = {
			isa = PBXGroup;
			children = (
				76861FDC27203A780097C969 /* UUIDDemoTests.m */,
			);
			path = UUIDDemoTests;
			sourceTree = "<group>";
		};
		76861FE527203A780097C969 /* UUIDDemoUITests */ = {
			isa = PBXGroup;
			children = (
				76861FE627203A780097C969 /* UUIDDemoUITests.m */,
				76861FE827203A780097C969 /* UUIDDemoUITestsLaunchTests.m */,
			);
			path = UUIDDemoUITests;
			sourceTree = "<group>";
		};
		76861FF527203AA30097C969 /* UQID */ = {
			isa = PBXGroup;
			children = (
				76861FF827203AA30097C969 /* YDKeyChain.h */,
				76861FF627203AA30097C969 /* YDKeyChain.m */,
				76861FF927203AA30097C969 /* YDDevice.h */,
				76861FF727203AA30097C969 /* YDDevice.m */,
			);
			path = UQID;
			sourceTree = "<group>";
		};
		768E7DF82721AF7A00288EB8 /* Frameworks */ = {
			isa = PBXGroup;
			children = (
				768E7DF92721AF7A00288EB8 /* DeviceCheck.framework */,
			);
			name = Frameworks;
			sourceTree = "<group>";
		};
/* End PBXGroup section */

/* Begin PBXNativeTarget section */
		76861FBC27203A730097C969 /* UUIDDemo */ = {
			isa = PBXNativeTarget;
			buildConfigurationList = 76861FEC27203A780097C969 /* Build configuration list for PBXNativeTarget "UUIDDemo" */;
			buildPhases = (
				76861FB927203A730097C969 /* Sources */,
				76861FBA27203A730097C969 /* Frameworks */,
				76861FBB27203A730097C969 /* Resources */,
			);
			buildRules = (
			);
			dependencies = (
			);
			name = UUIDDemo;
			productName = UUIDDemo;
			productReference = 76861FBD27203A730097C969 /* UUIDDemo.app */;
			productType = "com.apple.product-type.application";
		};
		76861FD727203A780097C969 /* UUIDDemoTests */ = {
			isa = PBXNativeTarget;
			buildConfigurationList = 76861FEF27203A780097C969 /* Build configuration list for PBXNativeTarget "UUIDDemoTests" */;
			buildPhases = (
				76861FD427203A780097C969 /* Sources */,
				76861FD527203A780097C969 /* Frameworks */,
				76861FD627203A780097C969 /* Resources */,
			);
			buildRules = (
			);
			dependencies = (
				76861FDA27203A780097C969 /* PBXTargetDependency */,
			);
			name = UUIDDemoTests;
			productName = UUIDDemoTests;
			productReference = 76861FD827203A780097C969 /* UUIDDemoTests.xctest */;
			productType = "com.apple.product-type.bundle.unit-test";
		};
		76861FE127203A780097C969 /* UUIDDemoUITests */ = {
			isa = PBXNativeTarget;
			buildConfigurationList = 76861FF227203A780097C969 /* Build configuration list for PBXNativeTarget "UUIDDemoUITests" */;
			buildPhases = (
				76861FDE27203A780097C969 /* Sources */,
				76861FDF27203A780097C969 /* Frameworks */,
				76861FE027203A780097C969 /* Resources */,
			);
			buildRules = (
			);
			dependencies = (
				76861FE427203A780097C969 /* PBXTargetDependency */,
			);
			name = UUIDDemoUITests;
			productName = UUIDDemoUITests;
			productReference = 76861FE227203A780097C969 /* UUIDDemoUITests.xctest */;
			productType = "com.apple.product-type.bundle.ui-testing";
		};
/* End PBXNativeTarget section */

/* Begin PBXProject section */
		76861FB527203A730097C969 /* Project object */ = {
			isa = PBXProject;
			attributes = {
				BuildIndependentTargetsInParallel = 1;
				LastUpgradeCheck = 1300;
				TargetAttributes = {
					76861FBC27203A730097C969 = {
						CreatedOnToolsVersion = 13.0;
					};
					76861FD727203A780097C969 = {
						CreatedOnToolsVersion = 13.0;
						TestTargetID = 76861FBC27203A730097C969;
					};
					76861FE127203A780097C969 = {
						CreatedOnToolsVersion = 13.0;
						TestTargetID = 76861FBC27203A730097C969;
					};
				};
			};
			buildConfigurationList = 76861FB827203A730097C969 /* Build configuration list for PBXProject "UUIDDemo" */;
			compatibilityVersion = "Xcode 13.0";
			developmentRegion = en;
			hasScannedForEncodings = 0;
			knownRegions = (
				en,
				Base,
			);
			mainGroup = 76861FB427203A730097C969;
			productRefGroup = 76861FBE27203A730097C969 /* Products */;
			projectDirPath = "";
			projectRoot = "";
			targets = (
				76861FBC27203A730097C969 /* UUIDDemo */,
				76861FD727203A780097C969 /* UUIDDemoTests */,
				76861FE127203A780097C969 /* UUIDDemoUITests */,
			);
		};
/* End PBXProject section */

/* Begin PBXResourcesBuildPhase section */
		76861FBB27203A730097C969 /* Resources */ = {
			isa = PBXResourcesBuildPhase;
			buildActionMask = 2147483647;
			files = (
				76861FD027203A780097C969 /* LaunchScreen.storyboard in Resources */,
				76861FCD27203A780097C969 /* Assets.xcassets in Resources */,
				76861FCB27203A730097C969 /* Main.storyboard in Resources */,
			);
			runOnlyForDeploymentPostprocessing = 0;
		};
		76861FD627203A780097C969 /* Resources */ = {
			isa = PBXResourcesBuildPhase;
			buildActionMask = 2147483647;
			files = (
			);
			runOnlyForDeploymentPostprocessing = 0;
		};
		76861FE027203A780097C969 /* Resources */ = {
			isa = PBXResourcesBuildPhase;
			buildActionMask = 2147483647;
			files = (
			);
			runOnlyForDeploymentPostprocessing = 0;
		};
/* End PBXResourcesBuildPhase section */

/* Begin PBXSourcesBuildPhase section */
		76861FB927203A730097C969 /* Sources */ = {
			isa = PBXSourcesBuildPhase;
			buildActionMask = 2147483647;
			files = (
				76861FFA27203AA30097C969 /* YDKeyChain.m in Sources */,
				76861FC827203A730097C969 /* ViewController.m in Sources */,
				76861FC227203A730097C969 /* AppDelegate.m in Sources */,
				76861FD327203A780097C969 /* main.m in Sources */,
				76861FFB27203AA30097C969 /* YDDevice.m in Sources */,
				76861FC527203A730097C969 /* SceneDelegate.m in Sources */,
			);
			runOnlyForDeploymentPostprocessing = 0;
		};
		76861FD427203A780097C969 /* Sources */ = {
			isa = PBXSourcesBuildPhase;
			buildActionMask = 2147483647;
			files = (
				76861FDD27203A780097C969 /* UUIDDemoTests.m in Sources */,
			);
			runOnlyForDeploymentPostprocessing = 0;
		};
		76861FDE27203A780097C969 /* Sources */ = {
			isa = PBXSourcesBuildPhase;
			buildActionMask = 2147483647;
			files = (
				76861FE927203A780097C969 /* UUIDDemoUITestsLaunchTests.m in Sources */,
				76861FE727203A780097C969 /* UUIDDemoUITests.m in Sources */,
			);
			runOnlyForDeploymentPostprocessing = 0;
		};
/* End PBXSourcesBuildPhase section */

/* Begin PBXTargetDependency section */
		76861FDA27203A780097C969 /* PBXTargetDependency */ = {
			isa = PBXTargetDependency;
			target = 76861FBC27203A730097C969 /* UUIDDemo */;
			targetProxy = 76861FD927203A780097C969 /* PBXContainerItemProxy */;
		};
		76861FE427203A780097C969 /* PBXTargetDependency */ = {
			isa = PBXTargetDependency;
			target = 76861FBC27203A730097C969 /* UUIDDemo */;
			targetProxy = 76861FE327203A780097C969 /* PBXContainerItemProxy */;
		};
/* End PBXTargetDependency section */

/* Begin PBXVariantGroup section */
		76861FC927203A730097C969 /* Main.storyboard */ = {
			isa = PBXVariantGroup;
			children = (
				76861FCA27203A730097C969 /* Base */,
			);
			name = Main.storyboard;
			sourceTree = "<group>";
		};
		76861FCE27203A780097C969 /* LaunchScreen.storyboard */ = {
			isa = PBXVariantGroup;
			children = (
				76861FCF27203A780097C969 /* Base */,
			);
			name = LaunchScreen.storyboard;
			sourceTree = "<group>";
		};
/* End PBXVariantGroup section */

/* Begin XCBuildConfiguration section */
		76861FEA27203A780097C969 /* Debug */ = {
			isa = XCBuildConfiguration;
			buildSettings = {
				ALWAYS_SEARCH_USER_PATHS = NO;
				CLANG_ANALYZER_NONNULL = YES;
				CLANG_ANALYZER_NUMBER_OBJECT_CONVERSION = YES_AGGRESSIVE;
				CLANG_CXX_LANGUAGE_STANDARD = "gnu++17";
				CLANG_CXX_LIBRARY = "libc++";
				CLANG_ENABLE_MODULES = YES;
				CLANG_ENABLE_OBJC_ARC = YES;
				CLANG_ENABLE_OBJC_WEAK = YES;
				CLANG_WARN_BLOCK_CAPTURE_AUTORELEASING = YES;
				CLANG_WARN_BOOL_CONVERSION = YES;
				CLANG_WARN_COMMA = YES;
				CLANG_WARN_CONSTANT_CONVERSION = YES;
				CLANG_WARN_DEPRECATED_OBJC_IMPLEMENTATIONS = YES;
				CLANG_WARN_DIRECT_OBJC_ISA_USAGE = YES_ERROR;
				CLANG_WARN_DOCUMENTATION_COMMENTS = YES;
				CLANG_WARN_EMPTY_BODY = YES;
				CLANG_WARN_ENUM_CONVERSION = YES;
				CLANG_WARN_INFINITE_RECURSION = YES;
				CLANG_WARN_INT_CONVERSION = YES;
				CLANG_WARN_NON_LITERAL_NULL_CONVERSION = YES;
				CLANG_WARN_OBJC_IMPLICIT_RETAIN_SELF = YES;
				CLANG_WARN_OBJC_LITERAL_CONVERSION = YES;
				CLANG_WARN_OBJC_ROOT_CLASS = YES_ERROR;
				CLANG_WARN_QUOTED_INCLUDE_IN_FRAMEWORK_HEADER = YES;
				CLANG_WARN_RANGE_LOOP_ANALYSIS = YES;
				CLANG_WARN_STRICT_PROTOTYPES = YES;
				CLANG_WARN_SUSPICIOUS_MOVE = YES;
				CLANG_WARN_UNGUARDED_AVAILABILITY = YES_AGGRESSIVE;
				CLANG_WARN_UNREACHABLE_CODE = YES;
				CLANG_WARN__DUPLICATE_METHOD_MATCH = YES;
				COPY_PHASE_STRIP = NO;
				DEBUG_INFORMATION_FORMAT = dwarf;
				ENABLE_STRICT_OBJC_MSGSEND = YES;
				ENABLE_TESTABILITY = YES;
				GCC_C_LANGUAGE_STANDARD = gnu11;
				GCC_DYNAMIC_NO_PIC = NO;
				GCC_NO_COMMON_BLOCKS = YES;
				GCC_OPTIMIZATION_LEVEL = 0;
				GCC_PREPROCESSOR_DEFINITIONS = (
					"DEBUG=1",
					"$(inherited)",
				);
				GCC_WARN_64_TO_32_BIT_CONVERSION = YES;
				GCC_WARN_ABOUT_RETURN_TYPE = YES_ERROR;
				GCC_WARN_UNDECLARED_SELECTOR = YES;
				GCC_WARN_UNINITIALIZED_AUTOS = YES_AGGRESSIVE;
				GCC_WARN_UNUSED_FUNCTION = YES;
				GCC_WARN_UNUSED_VARIABLE = YES;
				IPHONEOS_DEPLOYMENT_TARGET = 15.0;
				MTL_ENABLE_DEBUG_INFO = INCLUDE_SOURCE;
				MTL_FAST_MATH = YES;
				ONLY_ACTIVE_ARCH = YES;
				SDKROOT = iphoneos;
			};
			name = Debug;
		};
		76861FEB27203A780097C969 /* Release */ = {
			isa = XCBuildConfiguration;
			buildSettings = {
				ALWAYS_SEARCH_USER_PATHS = NO;
				CLANG_ANALYZER_NONNULL = YES;
				CLANG_ANALYZER_NUMBER_OBJECT_CONVERSION = YES_AGGRESSIVE;
				CLANG_CXX_LANGUAGE_STANDARD = "gnu++17";
				CLANG_CXX_LIBRARY = "libc++";
				CLANG_ENABLE_MODULES = YES;
				CLANG_ENABLE_OBJC_ARC = YES;
				CLANG_ENABLE_OBJC_WEAK = YES;
				CLANG_WARN_BLOCK_CAPTURE_AUTORELEASING = YES;
				CLANG_WARN_BOOL_CONVERSION = YES;
				CLANG_WARN_COMMA = YES;
				CLANG_WARN_CONSTANT_CONVERSION = YES;
				CLANG_WARN_DEPRECATED_OBJC_IMPLEMENTATIONS = YES;
				CLANG_WARN_DIRECT_OBJC_ISA_USAGE = YES_ERROR;
				CLANG_WARN_DOCUMENTATION_COMMENTS = YES;
				CLANG_WARN_EMPTY_BODY = YES;
				CLANG_WARN_ENUM_CONVERSION = YES;
				CLANG_WARN_INFINITE_RECURSION = YES;
				CLANG_WARN_INT_CONVERSION = YES;
				CLANG_WARN_NON_LITERAL_NULL_CONVERSION = YES;
				CLANG_WARN_OBJC_IMPLICIT_RETAIN_SELF = YES;
				CLANG_WARN_OBJC_LITERAL_CONVERSION = YES;
				CLANG_WARN_OBJC_ROOT_CLASS = YES_ERROR;
				CLANG_WARN_QUOTED_INCLUDE_IN_FRAMEWORK_HEADER = YES;
				CLANG_WARN_RANGE_LOOP_ANALYSIS = YES;
				CLANG_WARN_STRICT_PROTOTYPES = YES;
				CLANG_WARN_SUSPICIOUS_MOVE = YES;
				CLANG_WARN_UNGUARDED_AVAILABILITY = YES_AGGRESSIVE;
				CLANG_WARN_UNREACHABLE_CODE = YES;
				CLANG_WARN__DUPLICATE_METHOD_MATCH = YES;
				COPY_PHASE_STRIP = NO;
				DEBUG_INFORMATION_FORMAT = "dwarf-with-dsym";
				ENABLE_NS_ASSERTIONS = NO;
				ENABLE_STRICT_OBJC_MSGSEND = YES;
				GCC_C_LANGUAGE_STANDARD = gnu11;
				GCC_NO_COMMON_BLOCKS = YES;
				GCC_WARN_64_TO_32_BIT_CONVERSION = YES;
				GCC_WARN_ABOUT_RETURN_TYPE = YES_ERROR;
				GCC_WARN_UNDECLARED_SELECTOR = YES;
				GCC_WARN_UNINITIALIZED_AUTOS = YES_AGGRESSIVE;
				GCC_WARN_UNUSED_FUNCTION = YES;
				GCC_WARN_UNUSED_VARIABLE = YES;
				IPHONEOS_DEPLOYMENT_TARGET = 15.0;
				MTL_ENABLE_DEBUG_INFO = NO;
				MTL_FAST_MATH = YES;
				SDKROOT = iphoneos;
				VALIDATE_PRODUCT = YES;
			};
			name = Release;
		};
		76861FED27203A780097C969 /* Debug */ = {
			isa = XCBuildConfiguration;
			buildSettings = {
				ASSETCATALOG_COMPILER_APPICON_NAME = AppIcon;
				ASSETCATALOG_COMPILER_GLOBAL_ACCENT_COLOR_NAME = AccentColor;
				CODE_SIGN_STYLE = Automatic;
				CURRENT_PROJECT_VERSION = 1;
				DEVELOPMENT_TEAM = V5A63UE5H6;
				GENERATE_INFOPLIST_FILE = YES;
				INFOPLIST_FILE = UUIDDemo/Info.plist;
				INFOPLIST_KEY_UIApplicationSupportsIndirectInputEvents = YES;
				INFOPLIST_KEY_UILaunchStoryboardName = LaunchScreen;
				INFOPLIST_KEY_UIMainStoryboardFile = Main;
				INFOPLIST_KEY_UISupportedInterfaceOrientations_iPad = "UIInterfaceOrientationPortrait UIInterfaceOrientationPortraitUpsideDown UIInterfaceOrientationLandscapeLeft UIInterfaceOrientationLandscapeRight";
				INFOPLIST_KEY_UISupportedInterfaceOrientations_iPhone = "UIInterfaceOrientationPortrait UIInterfaceOrientationLandscapeLeft UIInterfaceOrientationLandscapeRight";
				IPHONEOS_DEPLOYMENT_TARGET = 11.0;
				LD_RUNPATH_SEARCH_PATHS = (
					"$(inherited)",
					"@executable_path/Frameworks",
				);
				MARKETING_VERSION = 1.0;
				PRODUCT_BUNDLE_IDENTIFIER = com.skip.demo.UUIDDemo2;
				PRODUCT_NAME = "$(TARGET_NAME)";
				SWIFT_EMIT_LOC_STRINGS = YES;
				TARGETED_DEVICE_FAMILY = "1,2";
			};
			name = Debug;
		};
		76861FEE27203A780097C969 /* Release */ = {
			isa = XCBuildConfiguration;
			buildSettings = {
				ASSETCATALOG_COMPILER_APPICON_NAME = AppIcon;
				ASSETCATALOG_COMPILER_GLOBAL_ACCENT_COLOR_NAME = AccentColor;
				CODE_SIGN_STYLE = Automatic;
				CURRENT_PROJECT_VERSION = 1;
				DEVELOPMENT_TEAM = V5A63UE5H6;
				GENERATE_INFOPLIST_FILE = YES;
				INFOPLIST_FILE = UUIDDemo/Info.plist;
				INFOPLIST_KEY_UIApplicationSupportsIndirectInputEvents = YES;
				INFOPLIST_KEY_UILaunchStoryboardName = LaunchScreen;
				INFOPLIST_KEY_UIMainStoryboardFile = Main;
				INFOPLIST_KEY_UISupportedInterfaceOrientations_iPad = "UIInterfaceOrientationPortrait UIInterfaceOrientationPortraitUpsideDown UIInterfaceOrientationLandscapeLeft UIInterfaceOrientationLandscapeRight";
				INFOPLIST_KEY_UISupportedInterfaceOrientations_iPhone = "UIInterfaceOrientationPortrait UIInterfaceOrientationLandscapeLeft UIInterfaceOrientationLandscapeRight";
				IPHONEOS_DEPLOYMENT_TARGET = 11.0;
				LD_RUNPATH_SEARCH_PATHS = (
					"$(inherited)",
					"@executable_path/Frameworks",
				);
				MARKETING_VERSION = 1.0;
				PRODUCT_BUNDLE_IDENTIFIER = com.skip.demo.UUIDDemo2;
				PRODUCT_NAME = "$(TARGET_NAME)";
				SWIFT_EMIT_LOC_STRINGS = YES;
				TARGETED_DEVICE_FAMILY = "1,2";
			};
			name = Release;
		};
		76861FF027203A780097C969 /* Debug */ = {
			isa = XCBuildConfiguration;
			buildSettings = {
				BUNDLE_LOADER = "$(TEST_HOST)";
				CODE_SIGN_STYLE = Automatic;
				CURRENT_PROJECT_VERSION = 1;
				GENERATE_INFOPLIST_FILE = YES;
				IPHONEOS_DEPLOYMENT_TARGET = 15.0;
				LD_RUNPATH_SEARCH_PATHS = (
					"$(inherited)",
					"@executable_path/Frameworks",
					"@loader_path/Frameworks",
				);
				MARKETING_VERSION = 1.0;
				PRODUCT_BUNDLE_IDENTIFIER = com.skip.demo.UUIDDemoTests;
				PRODUCT_NAME = "$(TARGET_NAME)";
				SWIFT_EMIT_LOC_STRINGS = NO;
				TARGETED_DEVICE_FAMILY = "1,2";
				TEST_HOST = "$(BUILT_PRODUCTS_DIR)/UUIDDemo.app/UUIDDemo";
			};
			name = Debug;
		};
		76861FF127203A780097C969 /* Release */ = {
			isa = XCBuildConfiguration;
			buildSettings = {
				BUNDLE_LOADER = "$(TEST_HOST)";
				CODE_SIGN_STYLE = Automatic;
				CURRENT_PROJECT_VERSION = 1;
				GENERATE_INFOPLIST_FILE = YES;
				IPHONEOS_DEPLOYMENT_TARGET = 15.0;
				LD_RUNPATH_SEARCH_PATHS = (
					"$(inherited)",
					"@executable_path/Frameworks",
					"@loader_path/Frameworks",
				);
				MARKETING_VERSION = 1.0;
				PRODUCT_BUNDLE_IDENTIFIER = com.skip.demo.UUIDDemoTests;
				PRODUCT_NAME = "$(TARGET_NAME)";
				SWIFT_EMIT_LOC_STRINGS = NO;
				TARGETED_DEVICE_FAMILY = "1,2";
				TEST_HOST = "$(BUILT_PRODUCTS_DIR)/UUIDDemo.app/UUIDDemo";
			};
			name = Release;
		};
		76861FF327203A780097C969 /* Debug */ = {
			isa = XCBuildConfiguration;
			buildSettings = {
				CODE_SIGN_STYLE = Automatic;
				CURRENT_PROJECT_VERSION = 1;
				GENERATE_INFOPLIST_FILE = YES;
				LD_RUNPATH_SEARCH_PATHS = (
					"$(inherited)",
					"@executable_path/Frameworks",
					"@loader_path/Frameworks",
				);
				MARKETING_VERSION = 1.0;
				PRODUCT_BUNDLE_IDENTIFIER = com.skip.demo.UUIDDemoUITests;
				PRODUCT_NAME = "$(TARGET_NAME)";
				SWIFT_EMIT_LOC_STRINGS = NO;
				TARGETED_DEVICE_FAMILY = "1,2";
				TEST_TARGET_NAME = UUIDDemo;
			};
			name = Debug;
		};
		76861FF427203A780097C969 /* Release */ = {
			isa = XCBuildConfiguration;
			buildSettings = {
				CODE_SIGN_STYLE = Automatic;
				CURRENT_PROJECT_VERSION = 1;
				GENERATE_INFOPLIST_FILE = YES;
				LD_RUNPATH_SEARCH_PATHS = (
					"$(inherited)",
					"@executable_path/Frameworks",
					"@loader_path/Frameworks",
				);
				MARKETING_VERSION = 1.0;
				PRODUCT_BUNDLE_IDENTIFIER = com.skip.demo.UUIDDemoUITests;
				PRODUCT_NAME = "$(TARGET_NAME)";
				SWIFT_EMIT_LOC_STRINGS = NO;
				TARGETED_DEVICE_FAMILY = "1,2";
				TEST_TARGET_NAME = UUIDDemo;
			};
			name = Release;
		};
/* End XCBuildConfiguration section */

/* Begin XCConfigurationList section */
		76861FB827203A730097C969 /* Build configuration list for PBXProject "UUIDDemo" */ = {
			isa = XCConfigurationList;
			buildConfigurations = (
				76861FEA27203A780097C969 /* Debug */,
				76861FEB27203A780097C969 /* Release */,
			);
			defaultConfigurationIsVisible = 0;
			defaultConfigurationName = Release;
		};
		76861FEC27203A780097C969 /* Build configuration list for PBXNativeTarget "UUIDDemo" */ = {
			isa = XCConfigurationList;
			buildConfigurations = (
				76861FED27203A780097C969 /* Debug */,
				76861FEE27203A780097C969 /* Release */,
			);
			defaultConfigurationIsVisible = 0;
			defaultConfigurationName = Release;
		};
		76861FEF27203A780097C969 /* Build configuration list for PBXNativeTarget "UUIDDemoTests" */ = {
			isa = XCConfigurationList;
			buildConfigurations = (
				76861FF027203A780097C969 /* Debug */,
				76861FF127203A780097C969 /* Release */,
			);
			defaultConfigurationIsVisible = 0;
			defaultConfigurationName = Release;
		};
		76861FF227203A780097C969 /* Build configuration list for PBXNativeTarget "UUIDDemoUITests" */ = {
			isa = XCConfigurationList;
			buildConfigurations = (
				76861FF327203A780097C969 /* Debug */,
				76861FF427203A780097C969 /* Release */,
			);
			defaultConfigurationIsVisible = 0;
			defaultConfigurationName = Release;
		};
/* End XCConfigurationList section */
	};
	rootObject = 76861FB527203A730097C969 /* Project object */;
}
